
Microsoft Visual Studio Solution File, Format Version 12.00
# Visual Studio Version 16
VisualStudioVersion = 25.0.1706.14
MinimumVisualStudioVersion = 10.0.40219.1
Project("{FAE04EC0-301F-11D3-BF4B-00C04F79EFBC}") = "Care", "Care\Care.csproj", "{6AD6478A-B167-49B9-A0C0-D12744709A72}"
EndProject
Project("{E53339B2-1760-4266-BCC7-CA923CBCF16C}") = "docker-compose", "docker-compose.dcproj", "{7051828E-7E80-42D7-B29E-1F846282F8DE}"
EndProject
Global
	GlobalSection(SolutionConfigurationPlatforms) = preSolution
		Debug|Any CPU = Debug|Any CPU
		Release|Any CPU = Release|Any CPU
	EndGlobalSection
	GlobalSection(ProjectConfigurationPlatforms) = postSolution
		{6AD6478A-B167-49B9-A0C0-D12744709A72}.Debug|Any CPU.ActiveCfg = Debug|Any CPU
		{6AD6478A-B167-49B9-A0C0-D12744709A72}.Debug|Any CPU.Build.0 = Debug|Any CPU
		{6AD6478A-B167-49B9-A0C0-D12744709A72}.Release|Any CPU.ActiveCfg = Release|Any CPU
		{6AD6478A-B167-49B9-A0C0-D12744709A72}.Release|Any CPU.Build.0 = Release|Any CPU
		{7051828E-7E80-42D7-B29E-1F846282F8DE}.Debug|Any CPU.ActiveCfg = Debug|Any CPU
		{7051828E-7E80-42D7-B29E-1F846282F8DE}.Debug|Any CPU.Build.0 = Debug|Any CPU
		{7051828E-7E80-42D7-B29E-1F846282F8DE}.Release|Any CPU.ActiveCfg = Release|Any CPU
		{7051828E-7E80-42D7-B29E-1F846282F8DE}.Release|Any CPU.Build.0 = Release|Any CPU
	EndGlobalSection
	GlobalSection(SolutionProperties) = preSolution
		HideSolutionNode = FALSE
	EndGlobalSection
	GlobalSection(ExtensibilityGlobals) = postSolution
		SolutionGuid = {4991B19C-D475-4ADD-9292-268A35A41CC7}
	EndGlobalSection
EndGlobal
